lockfileVersion: '9.0'

settings:
  autoInstallPeers: true
  excludeLinksFromLockfile: false

importers:

  .:
    dependencies:
      qr-code-styling:
        specifier: ^1.9.2
        version: 1.9.2

packages:

  qr-code-styling@1.9.2:
    resolution: {integrity: sha512-RgJaZJ1/RrXJ6N0j7a+pdw3zMBmzZU4VN2dtAZf8ZggCfRB5stEQ3IoDNGaNhYY3nnZKYlYSLl5YkfWN5dPutg==}
    engines: {node: '>=18.18.0'}

  qrcode-generator@1.5.2:
    resolution: {integrity: sha512-pItrW0Z9HnDBnFmgiNrY1uxRdri32Uh9EjNYLPVC2zZ3ZRIIEqBoDgm4DkvDwNNDHTK7FNkmr8zAa77BYc9xNw==}

snapshots:

  qr-code-styling@1.9.2:
    dependencies:
      qrcode-generator: 1.5.2

  qrcode-generator@1.5.2: {}
